
Microsoft Visual Studio Solution File, Format Version 12.00
# Visual Studio Version 16
VisualStudioVersion = 16.0.30011.22
MinimumVisualStudioVersion = 10.0.40219.1
Project("{9A19103F-16F7-4668-BE54-9A1E7A4F7556}") = "Ejercicio36", "IFTS11CorteDeControlUnidad3\Ejercicio36.csproj", "{0B0FF6A6-48A5-48F2-A1FF-2351DD5E06BF}"
EndProject
Project("{FAE04EC0-301F-11D3-BF4B-00C04F79EFBC}") = "Ejercicio37", "Ejercicio37\Ejercicio37.csproj", "{A7C921DC-3361-44E1-8B5B-9DC04DF70C30}"
EndProject
Project("{FAE04EC0-301F-11D3-BF4B-00C04F79EFBC}") = "Ejercicio38", "Ejercicio38\Ejercicio38.csproj", "{5B18B5FE-B51A-47B1-8D92-FFA2B00DAB50}"
EndProject
Global
	GlobalSection(SolutionConfigurationPlatforms) = preSolution
		Debug|Any CPU = Debug|Any CPU
		Release|Any CPU = Release|Any CPU
	EndGlobalSection
	GlobalSection(ProjectConfigurationPlatforms) = postSolution
		{0B0FF6A6-48A5-48F2-A1FF-2351DD5E06BF}.Debug|Any CPU.ActiveCfg = Debug|Any CPU
		{0B0FF6A6-48A5-48F2-A1FF-2351DD5E06BF}.Debug|Any CPU.Build.0 = Debug|Any CPU
		{0B0FF6A6-48A5-48F2-A1FF-2351DD5E06BF}.Release|Any CPU.ActiveCfg = Release|Any CPU
		{0B0FF6A6-48A5-48F2-A1FF-2351DD5E06BF}.Release|Any CPU.Build.0 = Release|Any CPU
		{A7C921DC-3361-44E1-8B5B-9DC04DF70C30}.Debug|Any CPU.ActiveCfg = Debug|Any CPU
		{A7C921DC-3361-44E1-8B5B-9DC04DF70C30}.Debug|Any CPU.Build.0 = Debug|Any CPU
		{A7C921DC-3361-44E1-8B5B-9DC04DF70C30}.Release|Any CPU.ActiveCfg = Release|Any CPU
		{A7C921DC-3361-44E1-8B5B-9DC04DF70C30}.Release|Any CPU.Build.0 = Release|Any CPU
		{5B18B5FE-B51A-47B1-8D92-FFA2B00DAB50}.Debug|Any CPU.ActiveCfg = Debug|Any CPU
		{5B18B5FE-B51A-47B1-8D92-FFA2B00DAB50}.Debug|Any CPU.Build.0 = Debug|Any CPU
		{5B18B5FE-B51A-47B1-8D92-FFA2B00DAB50}.Release|Any CPU.ActiveCfg = Release|Any CPU
		{5B18B5FE-B51A-47B1-8D92-FFA2B00DAB50}.Release|Any CPU.Build.0 = Release|Any CPU
	EndGlobalSection
	GlobalSection(SolutionProperties) = preSolution
		HideSolutionNode = FALSE
	EndGlobalSection
	GlobalSection(ExtensibilityGlobals) = postSolution
		SolutionGuid = {EA012B15-81FE-47BB-95E3-48E537446D1C}
	EndGlobalSection
EndGlobal
